
Microsoft Visual Studio Solution File, Format Version 12.00
# Visual Studio Version 16
VisualStudioVersion = 16.0.31424.327
MinimumVisualStudioVersion = 10.0.40219.1
Project("{FAE04EC0-301F-11D3-BF4B-00C04F79EFBC}") = "WebApi", "WebApi\WebApi.csproj", "{B52E628B-756A-4E97-931E-73A5041ADBDC}"
EndProject
Global
	GlobalSection(SolutionConfigurationPlatforms) = preSolution
		Debug|Any CPU = Debug|Any CPU
		Release|Any CPU = Release|Any CPU
	EndGlobalSection
	GlobalSection(ProjectConfigurationPlatforms) = postSolution
		{B52E628B-756A-4E97-931E-73A5041ADBDC}.Debug|Any CPU.ActiveCfg = Debug|Any CPU
		{B52E628B-756A-4E97-931E-73A5041ADBDC}.Debug|Any CPU.Build.0 = Debug|Any CPU
		{B52E628B-756A-4E97-931E-73A5041ADBDC}.Release|Any CPU.ActiveCfg = Release|Any CPU
		{B52E628B-756A-4E97-931E-73A5041ADBDC}.Release|Any CPU.Build.0 = Release|Any CPU
	EndGlobalSection
	GlobalSection(SolutionProperties) = preSolution
		HideSolutionNode = FALSE
	EndGlobalSection
	GlobalSection(ExtensibilityGlobals) = postSolution
		SolutionGuid = {1208160F-7E86-46B1-9A78-A86EA3D60957}
	EndGlobalSection
EndGlobal
